
Microsoft Visual Studio Solution File, Format Version 12.00
# Visual Studio Version 16
VisualStudioVersion = 16.0.31105.61
MinimumVisualStudioVersion = 10.0.40219.1
Project("{FAE04EC0-301F-11D3-BF4B-00C04F79EFBC}") = "ImageUpload.Android", "ImageUpload\ImageUpload.Android\ImageUpload.Android.csproj", "{824C26FE-C81A-4454-8FA6-DCA47DCFEC8C}"
EndProject
Project("{FAE04EC0-301F-11D3-BF4B-00C04F79EFBC}") = "ImageUpload.iOS", "ImageUpload\ImageUpload.iOS\ImageUpload.iOS.csproj", "{72F87B51-6999-43A3-93A0-594D0208EB9D}"
EndProject
Project("{FAE04EC0-301F-11D3-BF4B-00C04F79EFBC}") = "ImageUpload", "ImageUpload\ImageUpload\ImageUpload.csproj", "{5198FA4A-404C-4D7B-B68A-B66D8A625328}"
EndProject
Global
	GlobalSection(SolutionConfigurationPlatforms) = preSolution
		Debug|Any CPU = Debug|Any CPU
		Debug|iPhone = Debug|iPhone
		Debug|iPhoneSimulator = Debug|iPhoneSimulator
		Release|Any CPU = Release|Any CPU
		Release|iPhone = Release|iPhone
		Release|iPhoneSimulator = Release|iPhoneSimulator
	EndGlobalSection
	GlobalSection(ProjectConfigurationPlatforms) = postSolution
		{824C26FE-C81A-4454-8FA6-DCA47DCFEC8C}.Debug|Any CPU.ActiveCfg = Debug|Any CPU
		{824C26FE-C81A-4454-8FA6-DCA47DCFEC8C}.Debug|Any CPU.Build.0 = Debug|Any CPU
		{824C26FE-C81A-4454-8FA6-DCA47DCFEC8C}.Debug|Any CPU.Deploy.0 = Debug|Any CPU
		{824C26FE-C81A-4454-8FA6-DCA47DCFEC8C}.Debug|iPhone.ActiveCfg = Debug|Any CPU
		{824C26FE-C81A-4454-8FA6-DCA47DCFEC8C}.Debug|iPhone.Build.0 = Debug|Any CPU
		{824C26FE-C81A-4454-8FA6-DCA47DCFEC8C}.Debug|iPhone.Deploy.0 = Debug|Any CPU
		{824C26FE-C81A-4454-8FA6-DCA47DCFEC8C}.Debug|iPhoneSimulator.ActiveCfg = Debug|Any CPU
		{824C26FE-C81A-4454-8FA6-DCA47DCFEC8C}.Debug|iPhoneSimulator.Build.0 = Debug|Any CPU
		{824C26FE-C81A-4454-8FA6-DCA47DCFEC8C}.Debug|iPhoneSimulator.Deploy.0 = Debug|Any CPU
		{824C26FE-C81A-4454-8FA6-DCA47DCFEC8C}.Release|Any CPU.ActiveCfg = Release|Any CPU
		{824C26FE-C81A-4454-8FA6-DCA47DCFEC8C}.Release|Any CPU.Build.0 = Release|Any CPU
		{824C26FE-C81A-4454-8FA6-DCA47DCFEC8C}.Release|Any CPU.Deploy.0 = Release|Any CPU
		{824C26FE-C81A-4454-8FA6-DCA47DCFEC8C}.Release|iPhone.ActiveCfg = Release|Any CPU
		{824C26FE-C81A-4454-8FA6-DCA47DCFEC8C}.Release|iPhone.Build.0 = Release|Any CPU
		{824C26FE-C81A-4454-8FA6-DCA47DCFEC8C}.Release|iPhone.Deploy.0 = Release|Any CPU
		{824C26FE-C81A-4454-8FA6-DCA47DCFEC8C}.Release|iPhoneSimulator.ActiveCfg = Release|Any CPU
		{824C26FE-C81A-4454-8FA6-DCA47DCFEC8C}.Release|iPhoneSimulator.Build.0 = Release|Any CPU
		{824C26FE-C81A-4454-8FA6-DCA47DCFEC8C}.Release|iPhoneSimulator.Deploy.0 = Release|Any CPU
		{72F87B51-6999-43A3-93A0-594D0208EB9D}.Debug|Any CPU.ActiveCfg = Debug|iPhone
		{72F87B51-6999-43A3-93A0-594D0208EB9D}.Debug|Any CPU.Build.0 = Debug|iPhone
		{72F87B51-6999-43A3-93A0-594D0208EB9D}.Debug|Any CPU.Deploy.0 = Debug|iPhone
		{72F87B51-6999-43A3-93A0-594D0208EB9D}.Debug|iPhone.ActiveCfg = Debug|iPhone
		{72F87B51-6999-43A3-93A0-594D0208EB9D}.Debug|iPhone.Build.0 = Debug|iPhone
		{72F87B51-6999-43A3-93A0-594D0208EB9D}.Debug|iPhone.Deploy.0 = Debug|iPhone
		{72F87B51-6999-43A3-93A0-594D0208EB9D}.Debug|iPhoneSimulator.ActiveCfg = Debug|iPhoneSimulator
		{72F87B51-6999-43A3-93A0-594D0208EB9D}.Debug|iPhoneSimulator.Build.0 = Debug|iPhoneSimulator
		{72F87B51-6999-43A3-93A0-594D0208EB9D}.Debug|iPhoneSimulator.Deploy.0 = Debug|iPhoneSimulator
		{72F87B51-6999-43A3-93A0-594D0208EB9D}.Release|Any CPU.ActiveCfg = Release|iPhoneSimulator
		{72F87B51-6999-43A3-93A0-594D0208EB9D}.Release|Any CPU.Build.0 = Release|iPhoneSimulator
		{72F87B51-6999-43A3-93A0-594D0208EB9D}.Release|Any CPU.Deploy.0 = Release|iPhoneSimulator
		{72F87B51-6999-43A3-93A0-594D0208EB9D}.Release|iPhone.ActiveCfg = Release|iPhone
		{72F87B51-6999-43A3-93A0-594D0208EB9D}.Release|iPhone.Build.0 = Release|iPhone
		{72F87B51-6999-43A3-93A0-594D0208EB9D}.Release|iPhone.Deploy.0 = Release|iPhone
		{72F87B51-6999-43A3-93A0-594D0208EB9D}.Release|iPhoneSimulator.ActiveCfg = Release|iPhoneSimulator
		{72F87B51-6999-43A3-93A0-594D0208EB9D}.Release|iPhoneSimulator.Build.0 = Release|iPhoneSimulator
		{72F87B51-6999-43A3-93A0-594D0208EB9D}.Release|iPhoneSimulator.Deploy.0 = Release|iPhoneSimulator
		{5198FA4A-404C-4D7B-B68A-B66D8A625328}.Debug|Any CPU.ActiveCfg = Debug|Any CPU
		{5198FA4A-404C-4D7B-B68A-B66D8A625328}.Debug|Any CPU.Build.0 = Debug|Any CPU
		{5198FA4A-404C-4D7B-B68A-B66D8A625328}.Debug|Any CPU.Deploy.0 = Debug|Any CPU
		{5198FA4A-404C-4D7B-B68A-B66D8A625328}.Debug|iPhone.ActiveCfg = Debug|Any CPU
		{5198FA4A-404C-4D7B-B68A-B66D8A625328}.Debug|iPhone.Build.0 = Debug|Any CPU
		{5198FA4A-404C-4D7B-B68A-B66D8A625328}.Debug|iPhone.Deploy.0 = Debug|Any CPU
		{5198FA4A-404C-4D7B-B68A-B66D8A625328}.Debug|iPhoneSimulator.ActiveCfg = Debug|Any CPU
		{5198FA4A-404C-4D7B-B68A-B66D8A625328}.Debug|iPhoneSimulator.Build.0 = Debug|Any CPU
		{5198FA4A-404C-4D7B-B68A-B66D8A625328}.Debug|iPhoneSimulator.Deploy.0 = Debug|Any CPU
		{5198FA4A-404C-4D7B-B68A-B66D8A625328}.Release|Any CPU.ActiveCfg = Release|Any CPU
		{5198FA4A-404C-4D7B-B68A-B66D8A625328}.Release|Any CPU.Build.0 = Release|Any CPU
		{5198FA4A-404C-4D7B-B68A-B66D8A625328}.Release|Any CPU.Deploy.0 = Release|Any CPU
		{5198FA4A-404C-4D7B-B68A-B66D8A625328}.Release|iPhone.ActiveCfg = Release|Any CPU
		{5198FA4A-404C-4D7B-B68A-B66D8A625328}.Release|iPhone.Build.0 = Release|Any CPU
		{5198FA4A-404C-4D7B-B68A-B66D8A625328}.Release|iPhone.Deploy.0 = Release|Any CPU
		{5198FA4A-404C-4D7B-B68A-B66D8A625328}.Release|iPhoneSimulator.ActiveCfg = Release|Any CPU
		{5198FA4A-404C-4D7B-B68A-B66D8A625328}.Release|iPhoneSimulator.Build.0 = Release|Any CPU
		{5198FA4A-404C-4D7B-B68A-B66D8A625328}.Release|iPhoneSimulator.Deploy.0 = Release|Any CPU
	EndGlobalSection
	GlobalSection(SolutionProperties) = preSolution
		HideSolutionNode = FALSE
	EndGlobalSection
	GlobalSection(ExtensibilityGlobals) = postSolution
		SolutionGuid = {CFAB28F4-F25C-4386-90CB-EA5AB3E20AFD}
	EndGlobalSection
EndGlobal
